{
  "name": "yeswiki-extension-contrib",
  "version": "1.0.0",
  "lockfileVersion": 3,
  "requires": true,
  "packages": {
    "": {
      "name": "yeswiki-extension-contrib",
      "version": "1.0.0",
      "hasInstallScript": true,
      "license": "ISC",
      "dependencies": {
        "peaks.js": "^0.26.0",
        "photoswipe": "^5.4.4",
        "photoswipe-dynamic-caption-plugin": "^1.2.7"
      }
    },
    "node_modules/eventemitter3": {
      "version": "4.0.7",
      "resolved": "https://registry.npmjs.org/eventemitter3/-/eventemitter3-4.0.7.tgz",
      "integrity": "sha512-8guHBZCwKnFhYdHr2ysuRWErTwhoN2X8XELRlrRwpmfeY2jjuUN4taQMsULKUVo1K4DvZl+0pgfyoysHxvmvEw==",
      "license": "MIT"
    },
    "node_modules/inline-worker": {
      "version": "1.1.0",
      "resolved": "https://registry.npmjs.org/inline-worker/-/inline-worker-1.1.0.tgz",
      "integrity": "sha512-2nlxBGg5Uoop6IRco9wMzlAz62690ylokrUDg3IaCi9bJaq0HykbWlRtRXgvSKiBNmCBGXnOCFBkIFjaSGJocA==",
      "license": "MIT"
    },
    "node_modules/konva": {
      "version": "7.2.5",
      "resolved": "https://registry.npmjs.org/konva/-/konva-7.2.5.tgz",
      "integrity": "sha512-yk/li8rUF+09QNlOdkwbEId+QvfATMe/aMGVouWW1oFoUVTYWHsQuIAE6lWy11DK8mLJEJijkNAXC5K+NVlMew==",
      "funding": [
        {
          "type": "patreon",
          "url": "https://www.patreon.com/lavrton"
        },
        {
          "type": "opencollective",
          "url": "https://opencollective.com/konva"
        },
        {
          "type": "github",
          "url": "https://github.com/sponsors/lavrton"
        }
      ],
      "license": "MIT"
    },
    "node_modules/peaks.js": {
      "version": "0.26.0",
      "resolved": "https://registry.npmjs.org/peaks.js/-/peaks.js-0.26.0.tgz",
      "integrity": "sha512-kUsVDa+ISqK8V5B3dy4aXgQ1AbtPa7AIEHfJsOpSLIqgkrq1d3EOukbzrMiyNnODeh9qRaGEgHq40KlQEQK90Q==",
      "license": "LGPL-3.0",
      "dependencies": {
        "eventemitter3": "~4.0.7",
        "konva": "~7.2.5",
        "waveform-data": "~4.1.0"
      },
      "engines": {
        "node": ">= 8.11.2"
      }
    },
    "node_modules/photoswipe": {
      "version": "5.4.4",
      "resolved": "https://registry.npmjs.org/photoswipe/-/photoswipe-5.4.4.tgz",
      "integrity": "sha512-WNFHoKrkZNnvFFhbHL93WDkW3ifwVOXSW3w1UuZZelSmgXpIGiZSNlZJq37rR8YejqME2rHs9EhH9ZvlvFH2NA==",
      "license": "MIT",
      "engines": {
        "node": ">= 0.12.0"
      }
    },
    "node_modules/photoswipe-dynamic-caption-plugin": {
      "version": "1.2.7",
      "resolved": "https://registry.npmjs.org/photoswipe-dynamic-caption-plugin/-/photoswipe-dynamic-caption-plugin-1.2.7.tgz",
      "integrity": "sha512-5XXdXLf2381nwe7KqQvcyStiUBi9TitYXppUQTrzPwYAi4lZsmWNnNKMclM7I4QGlX6fXo42v3bgb6rlK9pY1Q==",
      "license": "MIT"
    },
    "node_modules/waveform-data": {
      "version": "4.1.1",
      "resolved": "https://registry.npmjs.org/waveform-data/-/waveform-data-4.1.1.tgz",
      "integrity": "sha512-OAKQPY0j4e/cn7jv/zHFw8bzL4i93MCGlyfc42LDQxeT6pnvzxynzbNm5TCopPViKAan5zs1/8WrAsC4VxJjlg==",
      "license": "LGPL-3.0",
      "dependencies": {
        "inline-worker": "~1.1.0"
      }
    }
  }
}
